
Microsoft Visual Studio Solution File, Format Version 12.00
# Visual Studio Version 16
VisualStudioVersion = 16.0.28803.202
MinimumVisualStudioVersion = 10.0.40219.1
Project("{888888A0-9F3D-457C-B088-3A5042F75D52}") = "ChessGame", "ChessGame\ChessGame.pyproj", "{7465EB84-B81D-4832-9EDA-7D722EB256C9}"
EndProject
Global
	GlobalSection(SolutionConfigurationPlatforms) = preSolution
		Debug|Any CPU = Debug|Any CPU
		Release|Any CPU = Release|Any CPU
	EndGlobalSection
	GlobalSection(ProjectConfigurationPlatforms) = postSolution
		{7465EB84-B81D-4832-9EDA-7D722EB256C9}.Debug|Any CPU.ActiveCfg = Debug|Any CPU
		{7465EB84-B81D-4832-9EDA-7D722EB256C9}.Release|Any CPU.ActiveCfg = Release|Any CPU
	EndGlobalSection
	GlobalSection(SolutionProperties) = preSolution
		HideSolutionNode = FALSE
	EndGlobalSection
	GlobalSection(ExtensibilityGlobals) = postSolution
		SolutionGuid = {5A5BD1F3-B99D-4441-9318-B2130E83AEB9}
	EndGlobalSection
EndGlobal
